
Microsoft Visual Studio Solution File, Format Version 12.00
# Visual Studio Version 16
VisualStudioVersion = 16.0.33328.57
MinimumVisualStudioVersion = 10.0.40219.1
Project("{FAE04EC0-301F-11D3-BF4B-00C04F79EFBC}") = "ConsoleApp2", "ConsoleApp2\ConsoleApp2.csproj", "{150D9BB4-C502-4DBA-9EC8-5EB79364BB2C}"
EndProject
Global
	GlobalSection(SolutionConfigurationPlatforms) = preSolution
		Debug|Any CPU = Debug|Any CPU
		Release|Any CPU = Release|Any CPU
	EndGlobalSection
	GlobalSection(ProjectConfigurationPlatforms) = postSolution
		{150D9BB4-C502-4DBA-9EC8-5EB79364BB2C}.Debug|Any CPU.ActiveCfg = Debug|Any CPU
		{150D9BB4-C502-4DBA-9EC8-5EB79364BB2C}.Debug|Any CPU.Build.0 = Debug|Any CPU
		{150D9BB4-C502-4DBA-9EC8-5EB79364BB2C}.Release|Any CPU.ActiveCfg = Release|Any CPU
		{150D9BB4-C502-4DBA-9EC8-5EB79364BB2C}.Release|Any CPU.Build.0 = Release|Any CPU
	EndGlobalSection
	GlobalSection(SolutionProperties) = preSolution
		HideSolutionNode = FALSE
	EndGlobalSection
	GlobalSection(ExtensibilityGlobals) = postSolution
		SolutionGuid = {F316B26E-A066-48A3-8A2F-D79332FEE9AF}
	EndGlobalSection
EndGlobal
